
Microsoft Visual Studio Solution File, Format Version 11.00
# Visual Studio 2010
Project("{8BC9CEB8-8B4A-11D0-8D11-00A0C91BC942}") = "kpiopus.kpi", "kpiopus.kpi\kpiopus.kpi.vcxproj", "{4C02CF77-EAC3-4D08-A211-7D1E29D466B3}"
EndProject
Global
	GlobalSection(SolutionConfigurationPlatforms) = preSolution
		Debug|Win32 = Debug|Win32
		Release|Win32 = Release|Win32
	EndGlobalSection
	GlobalSection(ProjectConfigurationPlatforms) = postSolution
		{4C02CF77-EAC3-4D08-A211-7D1E29D466B3}.Debug|Win32.ActiveCfg = Debug|Win32
		{4C02CF77-EAC3-4D08-A211-7D1E29D466B3}.Debug|Win32.Build.0 = Debug|Win32
		{4C02CF77-EAC3-4D08-A211-7D1E29D466B3}.Release|Win32.ActiveCfg = Release|Win32
		{4C02CF77-EAC3-4D08-A211-7D1E29D466B3}.Release|Win32.Build.0 = Release|Win32
	EndGlobalSection
	GlobalSection(SolutionProperties) = preSolution
		HideSolutionNode = FALSE
	EndGlobalSection
EndGlobal
